
Microsoft Visual Studio Solution File, Format Version 12.00
# Visual Studio Version 17
VisualStudioVersion = 17.4.33205.214
MinimumVisualStudioVersion = 10.0.40219.1
Project("{8BC9CEB8-8B4A-11D0-8D11-00A0C91BC942}") = "1. Game Client", "1. Game Client\1. Game Client.vcxproj", "{406A949B-0EA7-40B0-9D06-2C13B00C34AD}"
EndProject
Project("{8BC9CEB8-8B4A-11D0-8D11-00A0C91BC942}") = "2. TCP Network - Client", "2. TCP Network - Client\2. TCP Network - Client.vcxproj", "{A11523B5-C528-4F56-942C-44324770AA65}"
EndProject
Project("{8BC9CEB8-8B4A-11D0-8D11-00A0C91BC942}") = "2. TCP Network - Server", "2. TCP Network - Server\2. TCP Network - Server.vcxproj", "{F2360490-6AA0-41EB-B4C2-2340CA425EC2}"
EndProject
Project("{8BC9CEB8-8B4A-11D0-8D11-00A0C91BC942}") = "3. Overlapped IO - Client", "3. Overlapped IO - Client\3. Overlapped IO - Client.vcxproj", "{BF3EE6D1-87B8-464A-A5FB-E93A7F9D5618}"
EndProject
Project("{8BC9CEB8-8B4A-11D0-8D11-00A0C91BC942}") = "3. Overlapped IO - Server", "3. Overlapped IO - Server\3. Overlapped IO - Server.vcxproj", "{2E0CDFC5-8E67-40B6-9CA9-2BB7E1B87C8A}"
EndProject
Project("{8BC9CEB8-8B4A-11D0-8D11-00A0C91BC942}") = "4. Overlapped IO 2 - Server", "4. Overlapped IO 2 - Server\4. Overlapped IO 2 - Server.vcxproj", "{E9696A87-17A0-42D4-9F5A-D84B847AA041}"
EndProject
Project("{8BC9CEB8-8B4A-11D0-8D11-00A0C91BC942}") = "4. Overlapped IO 2 - Client", "4. Overlapped IO 2 - Client\4. Overlapped IO 2 - Client.vcxproj", "{BF8145E9-F0C9-4A9F-A339-847FA58B686C}"
EndProject
Project("{8BC9CEB8-8B4A-11D0-8D11-00A0C91BC942}") = "5. Single Thread IOCP - Server", "5. Single Thread IOCP - Server\5. Single Thread IOCP - Server.vcxproj", "{F24E5CA9-279F-40A9-8149-4A95CF3A0E39}"
EndProject
Project("{8BC9CEB8-8B4A-11D0-8D11-00A0C91BC942}") = "5. Single Thread IOCP - Client", "5. Single Thread IOCP - Client\5. Single Thread IOCP - Client.vcxproj", "{5F50D375-FD22-4D4A-A7B9-AB5915260C27}"
EndProject
Project("{8BC9CEB8-8B4A-11D0-8D11-00A0C91BC942}") = "6. Multithread IOCP - Server", "6. Multithread IOCP - Server\6. Multithread IOCP - Server.vcxproj", "{8E0DD956-851F-4FBA-8CA0-38D53257C423}"
EndProject
Project("{8BC9CEB8-8B4A-11D0-8D11-00A0C91BC942}") = "6. Multithread IOCP - Client", "6. Multithread IOCP - Client\6. Multithread IOCP - Client.vcxproj", "{6B4292C2-73DC-4FC6-A591-1D79F42888CE}"
EndProject
Project("{8BC9CEB8-8B4A-11D0-8D11-00A0C91BC942}") = "7. Stress", "7. Stress\7. Stress.vcxproj", "{7D912AA3-5918-4A1C-A6E5-0467495CDAEA}"
EndProject
Project("{8BC9CEB8-8B4A-11D0-8D11-00A0C91BC942}") = "7. View List - Server", "7. View List - Server\7. View List - Server.vcxproj", "{1574670A-5F9B-4FA1-AEEB-7373E2A6AC06}"
EndProject
Project("{8BC9CEB8-8B4A-11D0-8D11-00A0C91BC942}") = "8. Sector - Server", "8. Sector - Server\8. Sector - Server.vcxproj", "{A0009A13-799D-463D-BAE4-513152DBA8C5}"
EndProject
Project("{8BC9CEB8-8B4A-11D0-8D11-00A0C91BC942}") = "8. Sector - Client", "8. Sector - Client\8. Sector - Client.vcxproj", "{AF3165ED-6BE3-4DBB-9810-0D046BEFAE73}"
EndProject
Global
	GlobalSection(SolutionConfigurationPlatforms) = preSolution
		Debug|x64 = Debug|x64
		Debug|x86 = Debug|x86
		Release|x64 = Release|x64
		Release|x86 = Release|x86
	EndGlobalSection
	GlobalSection(ProjectConfigurationPlatforms) = postSolution
		{406A949B-0EA7-40B0-9D06-2C13B00C34AD}.Debug|x64.ActiveCfg = Debug|x64
		{406A949B-0EA7-40B0-9D06-2C13B00C34AD}.Debug|x64.Build.0 = Debug|x64
		{406A949B-0EA7-40B0-9D06-2C13B00C34AD}.Debug|x86.ActiveCfg = Debug|Win32
		{406A949B-0EA7-40B0-9D06-2C13B00C34AD}.Debug|x86.Build.0 = Debug|Win32
		{406A949B-0EA7-40B0-9D06-2C13B00C34AD}.Release|x64.ActiveCfg = Release|x64
		{406A949B-0EA7-40B0-9D06-2C13B00C34AD}.Release|x64.Build.0 = Release|x64
		{406A949B-0EA7-40B0-9D06-2C13B00C34AD}.Release|x86.ActiveCfg = Release|Win32
		{406A949B-0EA7-40B0-9D06-2C13B00C34AD}.Release|x86.Build.0 = Release|Win32
		{A11523B5-C528-4F56-942C-44324770AA65}.Debug|x64.ActiveCfg = Debug|x64
		{A11523B5-C528-4F56-942C-44324770AA65}.Debug|x64.Build.0 = Debug|x64
		{A11523B5-C528-4F56-942C-44324770AA65}.Debug|x86.ActiveCfg = Debug|Win32
		{A11523B5-C528-4F56-942C-44324770AA65}.Debug|x86.Build.0 = Debug|Win32
		{A11523B5-C528-4F56-942C-44324770AA65}.Release|x64.ActiveCfg = Release|x64
		{A11523B5-C528-4F56-942C-44324770AA65}.Release|x64.Build.0 = Release|x64
		{A11523B5-C528-4F56-942C-44324770AA65}.Release|x86.ActiveCfg = Release|Win32
		{A11523B5-C528-4F56-942C-44324770AA65}.Release|x86.Build.0 = Release|Win32
		{F2360490-6AA0-41EB-B4C2-2340CA425EC2}.Debug|x64.ActiveCfg = Debug|x64
		{F2360490-6AA0-41EB-B4C2-2340CA425EC2}.Debug|x64.Build.0 = Debug|x64
		{F2360490-6AA0-41EB-B4C2-2340CA425EC2}.Debug|x86.ActiveCfg = Debug|Win32
		{F2360490-6AA0-41EB-B4C2-2340CA425EC2}.Debug|x86.Build.0 = Debug|Win32
		{F2360490-6AA0-41EB-B4C2-2340CA425EC2}.Release|x64.ActiveCfg = Release|x64
		{F2360490-6AA0-41EB-B4C2-2340CA425EC2}.Release|x64.Build.0 = Release|x64
		{F2360490-6AA0-41EB-B4C2-2340CA425EC2}.Release|x86.ActiveCfg = Release|Win32
		{F2360490-6AA0-41EB-B4C2-2340CA425EC2}.Release|x86.Build.0 = Release|Win32
		{BF3EE6D1-87B8-464A-A5FB-E93A7F9D5618}.Debug|x64.ActiveCfg = Debug|x64
		{BF3EE6D1-87B8-464A-A5FB-E93A7F9D5618}.Debug|x64.Build.0 = Debug|x64
		{BF3EE6D1-87B8-464A-A5FB-E93A7F9D5618}.Debug|x86.ActiveCfg = Debug|Win32
		{BF3EE6D1-87B8-464A-A5FB-E93A7F9D5618}.Debug|x86.Build.0 = Debug|Win32
		{BF3EE6D1-87B8-464A-A5FB-E93A7F9D5618}.Release|x64.ActiveCfg = Release|x64
		{BF3EE6D1-87B8-464A-A5FB-E93A7F9D5618}.Release|x64.Build.0 = Release|x64
		{BF3EE6D1-87B8-464A-A5FB-E93A7F9D5618}.Release|x86.ActiveCfg = Release|Win32
		{BF3EE6D1-87B8-464A-A5FB-E93A7F9D5618}.Release|x86.Build.0 = Release|Win32
		{2E0CDFC5-8E67-40B6-9CA9-2BB7E1B87C8A}.Debug|x64.ActiveCfg = Debug|x64
		{2E0CDFC5-8E67-40B6-9CA9-2BB7E1B87C8A}.Debug|x64.Build.0 = Debug|x64
		{2E0CDFC5-8E67-40B6-9CA9-2BB7E1B87C8A}.Debug|x86.ActiveCfg = Debug|Win32
		{2E0CDFC5-8E67-40B6-9CA9-2BB7E1B87C8A}.Debug|x86.Build.0 = Debug|Win32
		{2E0CDFC5-8E67-40B6-9CA9-2BB7E1B87C8A}.Release|x64.ActiveCfg = Release|x64
		{2E0CDFC5-8E67-40B6-9CA9-2BB7E1B87C8A}.Release|x64.Build.0 = Release|x64
		{2E0CDFC5-8E67-40B6-9CA9-2BB7E1B87C8A}.Release|x86.ActiveCfg = Release|Win32
		{2E0CDFC5-8E67-40B6-9CA9-2BB7E1B87C8A}.Release|x86.Build.0 = Release|Win32
		{E9696A87-17A0-42D4-9F5A-D84B847AA041}.Debug|x64.ActiveCfg = Debug|x64
		{E9696A87-17A0-42D4-9F5A-D84B847AA041}.Debug|x64.Build.0 = Debug|x64
		{E9696A87-17A0-42D4-9F5A-D84B847AA041}.Debug|x86.ActiveCfg = Debug|Win32
		{E9696A87-17A0-42D4-9F5A-D84B847AA041}.Debug|x86.Build.0 = Debug|Win32
		{E9696A87-17A0-42D4-9F5A-D84B847AA041}.Release|x64.ActiveCfg = Release|x64
		{E9696A87-17A0-42D4-9F5A-D84B847AA041}.Release|x64.Build.0 = Release|x64
		{E9696A87-17A0-42D4-9F5A-D84B847AA041}.Release|x86.ActiveCfg = Release|Win32
		{E9696A87-17A0-42D4-9F5A-D84B847AA041}.Release|x86.Build.0 = Release|Win32
		{BF8145E9-F0C9-4A9F-A339-847FA58B686C}.Debug|x64.ActiveCfg = Debug|x64
		{BF8145E9-F0C9-4A9F-A339-847FA58B686C}.Debug|x64.Build.0 = Debug|x64
		{BF8145E9-F0C9-4A9F-A339-847FA58B686C}.Debug|x86.ActiveCfg = Debug|Win32
		{BF8145E9-F0C9-4A9F-A339-847FA58B686C}.Debug|x86.Build.0 = Debug|Win32
		{BF8145E9-F0C9-4A9F-A339-847FA58B686C}.Release|x64.ActiveCfg = Release|x64
		{BF8145E9-F0C9-4A9F-A339-847FA58B686C}.Release|x64.Build.0 = Release|x64
		{BF8145E9-F0C9-4A9F-A339-847FA58B686C}.Release|x86.ActiveCfg = Release|Win32
		{BF8145E9-F0C9-4A9F-A339-847FA58B686C}.Release|x86.Build.0 = Release|Win32
		{F24E5CA9-279F-40A9-8149-4A95CF3A0E39}.Debug|x64.ActiveCfg = Debug|x64
		{F24E5CA9-279F-40A9-8149-4A95CF3A0E39}.Debug|x64.Build.0 = Debug|x64
		{F24E5CA9-279F-40A9-8149-4A95CF3A0E39}.Debug|x86.ActiveCfg = Debug|Win32
		{F24E5CA9-279F-40A9-8149-4A95CF3A0E39}.Debug|x86.Build.0 = Debug|Win32
		{F24E5CA9-279F-40A9-8149-4A95CF3A0E39}.Release|x64.ActiveCfg = Release|x64
		{F24E5CA9-279F-40A9-8149-4A95CF3A0E39}.Release|x64.Build.0 = Release|x64
		{F24E5CA9-279F-40A9-8149-4A95CF3A0E39}.Release|x86.ActiveCfg = Release|Win32
		{F24E5CA9-279F-40A9-8149-4A95CF3A0E39}.Release|x86.Build.0 = Release|Win32
		{5F50D375-FD22-4D4A-A7B9-AB5915260C27}.Debug|x64.ActiveCfg = Debug|x64
		{5F50D375-FD22-4D4A-A7B9-AB5915260C27}.Debug|x64.Build.0 = Debug|x64
		{5F50D375-FD22-4D4A-A7B9-AB5915260C27}.Debug|x86.ActiveCfg = Debug|Win32
		{5F50D375-FD22-4D4A-A7B9-AB5915260C27}.Debug|x86.Build.0 = Debug|Win32
		{5F50D375-FD22-4D4A-A7B9-AB5915260C27}.Release|x64.ActiveCfg = Release|x64
		{5F50D375-FD22-4D4A-A7B9-AB5915260C27}.Release|x64.Build.0 = Release|x64
		{5F50D375-FD22-4D4A-A7B9-AB5915260C27}.Release|x86.ActiveCfg = Release|Win32
		{5F50D375-FD22-4D4A-A7B9-AB5915260C27}.Release|x86.Build.0 = Release|Win32
		{8E0DD956-851F-4FBA-8CA0-38D53257C423}.Debug|x64.ActiveCfg = Debug|x64
		{8E0DD956-851F-4FBA-8CA0-38D53257C423}.Debug|x64.Build.0 = Debug|x64
		{8E0DD956-851F-4FBA-8CA0-38D53257C423}.Debug|x86.ActiveCfg = Debug|Win32
		{8E0DD956-851F-4FBA-8CA0-38D53257C423}.Debug|x86.Build.0 = Debug|Win32
		{8E0DD956-851F-4FBA-8CA0-38D53257C423}.Release|x64.ActiveCfg = Release|x64
		{8E0DD956-851F-4FBA-8CA0-38D53257C423}.Release|x64.Build.0 = Release|x64
		{8E0DD956-851F-4FBA-8CA0-38D53257C423}.Release|x86.ActiveCfg = Release|Win32
		{8E0DD956-851F-4FBA-8CA0-38D53257C423}.Release|x86.Build.0 = Release|Win32
		{6B4292C2-73DC-4FC6-A591-1D79F42888CE}.Debug|x64.ActiveCfg = Debug|x64
		{6B4292C2-73DC-4FC6-A591-1D79F42888CE}.Debug|x64.Build.0 = Debug|x64
		{6B4292C2-73DC-4FC6-A591-1D79F42888CE}.Debug|x86.ActiveCfg = Debug|Win32
		{6B4292C2-73DC-4FC6-A591-1D79F42888CE}.Debug|x86.Build.0 = Debug|Win32
		{6B4292C2-73DC-4FC6-A591-1D79F42888CE}.Release|x64.ActiveCfg = Release|x64
		{6B4292C2-73DC-4FC6-A591-1D79F42888CE}.Release|x64.Build.0 = Release|x64
		{6B4292C2-73DC-4FC6-A591-1D79F42888CE}.Release|x86.ActiveCfg = Release|Win32
		{6B4292C2-73DC-4FC6-A591-1D79F42888CE}.Release|x86.Build.0 = Release|Win32
		{7D912AA3-5918-4A1C-A6E5-0467495CDAEA}.Debug|x64.ActiveCfg = Debug|x64
		{7D912AA3-5918-4A1C-A6E5-0467495CDAEA}.Debug|x64.Build.0 = Debug|x64
		{7D912AA3-5918-4A1C-A6E5-0467495CDAEA}.Debug|x86.ActiveCfg = Debug|Win32
		{7D912AA3-5918-4A1C-A6E5-0467495CDAEA}.Debug|x86.Build.0 = Debug|Win32
		{7D912AA3-5918-4A1C-A6E5-0467495CDAEA}.Release|x64.ActiveCfg = Release|x64
		{7D912AA3-5918-4A1C-A6E5-0467495CDAEA}.Release|x64.Build.0 = Release|x64
		{7D912AA3-5918-4A1C-A6E5-0467495CDAEA}.Release|x86.ActiveCfg = Release|Win32
		{7D912AA3-5918-4A1C-A6E5-0467495CDAEA}.Release|x86.Build.0 = Release|Win32
		{1574670A-5F9B-4FA1-AEEB-7373E2A6AC06}.Debug|x64.ActiveCfg = Debug|x64
		{1574670A-5F9B-4FA1-AEEB-7373E2A6AC06}.Debug|x64.Build.0 = Debug|x64
		{1574670A-5F9B-4FA1-AEEB-7373E2A6AC06}.Debug|x86.ActiveCfg = Debug|Win32
		{1574670A-5F9B-4FA1-AEEB-7373E2A6AC06}.Debug|x86.Build.0 = Debug|Win32
		{1574670A-5F9B-4FA1-AEEB-7373E2A6AC06}.Release|x64.ActiveCfg = Release|x64
		{1574670A-5F9B-4FA1-AEEB-7373E2A6AC06}.Release|x64.Build.0 = Release|x64
		{1574670A-5F9B-4FA1-AEEB-7373E2A6AC06}.Release|x86.ActiveCfg = Release|Win32
		{1574670A-5F9B-4FA1-AEEB-7373E2A6AC06}.Release|x86.Build.0 = Release|Win32
		{A0009A13-799D-463D-BAE4-513152DBA8C5}.Debug|x64.ActiveCfg = Debug|x64
		{A0009A13-799D-463D-BAE4-513152DBA8C5}.Debug|x64.Build.0 = Debug|x64
		{A0009A13-799D-463D-BAE4-513152DBA8C5}.Debug|x86.ActiveCfg = Debug|Win32
		{A0009A13-799D-463D-BAE4-513152DBA8C5}.Debug|x86.Build.0 = Debug|Win32
		{A0009A13-799D-463D-BAE4-513152DBA8C5}.Release|x64.ActiveCfg = Release|x64
		{A0009A13-799D-463D-BAE4-513152DBA8C5}.Release|x64.Build.0 = Release|x64
		{A0009A13-799D-463D-BAE4-513152DBA8C5}.Release|x86.ActiveCfg = Release|Win32
		{A0009A13-799D-463D-BAE4-513152DBA8C5}.Release|x86.Build.0 = Release|Win32
		{AF3165ED-6BE3-4DBB-9810-0D046BEFAE73}.Debug|x64.ActiveCfg = Debug|x64
		{AF3165ED-6BE3-4DBB-9810-0D046BEFAE73}.Debug|x64.Build.0 = Debug|x64
		{AF3165ED-6BE3-4DBB-9810-0D046BEFAE73}.Debug|x86.ActiveCfg = Debug|Win32
		{AF3165ED-6BE3-4DBB-9810-0D046BEFAE73}.Debug|x86.Build.0 = Debug|Win32
		{AF3165ED-6BE3-4DBB-9810-0D046BEFAE73}.Release|x64.ActiveCfg = Release|x64
		{AF3165ED-6BE3-4DBB-9810-0D046BEFAE73}.Release|x64.Build.0 = Release|x64
		{AF3165ED-6BE3-4DBB-9810-0D046BEFAE73}.Release|x86.ActiveCfg = Release|Win32
		{AF3165ED-6BE3-4DBB-9810-0D046BEFAE73}.Release|x86.Build.0 = Release|Win32
	EndGlobalSection
	GlobalSection(SolutionProperties) = preSolution
		HideSolutionNode = FALSE
	EndGlobalSection
	GlobalSection(ExtensibilityGlobals) = postSolution
		SolutionGuid = {AA9326D9-9C83-4692-BE7B-F16C3BB4D13C}
	EndGlobalSection
EndGlobal
