
Microsoft Visual Studio Solution File, Format Version 12.00
# Visual Studio Version 17
VisualStudioVersion = 17.4.33205.214
MinimumVisualStudioVersion = 10.0.40219.1
Project("{8BC9CEB8-8B4A-11D0-8D11-00A0C91BC942}") = "1. Game Client", "1. Game Client\1. Game Client.vcxproj", "{406A949B-0EA7-40B0-9D06-2C13B00C34AD}"
EndProject
Project("{8BC9CEB8-8B4A-11D0-8D11-00A0C91BC942}") = "2. TCP Network - Client", "2. TCP Network - Client\2. TCP Network - Client.vcxproj", "{A11523B5-C528-4F56-942C-44324770AA65}"
EndProject
Project("{8BC9CEB8-8B4A-11D0-8D11-00A0C91BC942}") = "2. TCP Network - Server", "2. TCP Network - Server\2. TCP Network - Server.vcxproj", "{F2360490-6AA0-41EB-B4C2-2340CA425EC2}"
EndProject
Global
	GlobalSection(SolutionConfigurationPlatforms) = preSolution
		Debug|x64 = Debug|x64
		Debug|x86 = Debug|x86
		Release|x64 = Release|x64
		Release|x86 = Release|x86
	EndGlobalSection
	GlobalSection(ProjectConfigurationPlatforms) = postSolution
		{406A949B-0EA7-40B0-9D06-2C13B00C34AD}.Debug|x64.ActiveCfg = Debug|x64
		{406A949B-0EA7-40B0-9D06-2C13B00C34AD}.Debug|x64.Build.0 = Debug|x64
		{406A949B-0EA7-40B0-9D06-2C13B00C34AD}.Debug|x86.ActiveCfg = Debug|Win32
		{406A949B-0EA7-40B0-9D06-2C13B00C34AD}.Debug|x86.Build.0 = Debug|Win32
		{406A949B-0EA7-40B0-9D06-2C13B00C34AD}.Release|x64.ActiveCfg = Release|x64
		{406A949B-0EA7-40B0-9D06-2C13B00C34AD}.Release|x64.Build.0 = Release|x64
		{406A949B-0EA7-40B0-9D06-2C13B00C34AD}.Release|x86.ActiveCfg = Release|Win32
		{406A949B-0EA7-40B0-9D06-2C13B00C34AD}.Release|x86.Build.0 = Release|Win32
		{A11523B5-C528-4F56-942C-44324770AA65}.Debug|x64.ActiveCfg = Debug|x64
		{A11523B5-C528-4F56-942C-44324770AA65}.Debug|x64.Build.0 = Debug|x64
		{A11523B5-C528-4F56-942C-44324770AA65}.Debug|x86.ActiveCfg = Debug|Win32
		{A11523B5-C528-4F56-942C-44324770AA65}.Debug|x86.Build.0 = Debug|Win32
		{A11523B5-C528-4F56-942C-44324770AA65}.Release|x64.ActiveCfg = Release|x64
		{A11523B5-C528-4F56-942C-44324770AA65}.Release|x64.Build.0 = Release|x64
		{A11523B5-C528-4F56-942C-44324770AA65}.Release|x86.ActiveCfg = Release|Win32
		{A11523B5-C528-4F56-942C-44324770AA65}.Release|x86.Build.0 = Release|Win32
		{F2360490-6AA0-41EB-B4C2-2340CA425EC2}.Debug|x64.ActiveCfg = Debug|x64
		{F2360490-6AA0-41EB-B4C2-2340CA425EC2}.Debug|x64.Build.0 = Debug|x64
		{F2360490-6AA0-41EB-B4C2-2340CA425EC2}.Debug|x86.ActiveCfg = Debug|Win32
		{F2360490-6AA0-41EB-B4C2-2340CA425EC2}.Debug|x86.Build.0 = Debug|Win32
		{F2360490-6AA0-41EB-B4C2-2340CA425EC2}.Release|x64.ActiveCfg = Release|x64
		{F2360490-6AA0-41EB-B4C2-2340CA425EC2}.Release|x64.Build.0 = Release|x64
		{F2360490-6AA0-41EB-B4C2-2340CA425EC2}.Release|x86.ActiveCfg = Release|Win32
		{F2360490-6AA0-41EB-B4C2-2340CA425EC2}.Release|x86.Build.0 = Release|Win32
	EndGlobalSection
	GlobalSection(SolutionProperties) = preSolution
		HideSolutionNode = FALSE
	EndGlobalSection
	GlobalSection(ExtensibilityGlobals) = postSolution
		SolutionGuid = {AA9326D9-9C83-4692-BE7B-F16C3BB4D13C}
	EndGlobalSection
EndGlobal
