
Microsoft Visual Studio Solution File, Format Version 12.00
# Visual Studio Version 17
VisualStudioVersion = 17.4.33403.182
MinimumVisualStudioVersion = 10.0.40219.1
Project("{8BC9CEB8-8B4A-11D0-8D11-00A0C91BC942}") = "EchoServer - Client", "EchoServer - Client\EchoServer - Client.vcxproj", "{D184F416-B68B-4825-A016-362EF4AE5B97}"
EndProject
Project("{8BC9CEB8-8B4A-11D0-8D11-00A0C91BC942}") = "EchoServer - Server", "EchoServer - Server\EchoServer - Server.vcxproj", "{3404DC27-355C-43A1-B432-BFE1199CB4A4}"
EndProject
Project("{8BC9CEB8-8B4A-11D0-8D11-00A0C91BC942}") = "Overlapped - Client", "Overlapped - Client\Overlapped - Client.vcxproj", "{C87F8CAE-A81B-4481-9F62-D11B9F99162B}"
EndProject
Project("{8BC9CEB8-8B4A-11D0-8D11-00A0C91BC942}") = "Overlapped - Server", "Overlapped - Server\Overlapped - Server.vcxproj", "{6F0A268F-E057-4511-98F9-94D60F76113C}"
EndProject
Project("{8BC9CEB8-8B4A-11D0-8D11-00A0C91BC942}") = "Overlapped N-1 Echo Server", "Overlapped N-1 Echo Server\Overlapped N-1 Echo Server.vcxproj", "{84E5484B-9FA1-41D0-A579-DAAE96978B16}"
EndProject
Project("{8BC9CEB8-8B4A-11D0-8D11-00A0C91BC942}") = "Overlapped N-1 Chatting Client", "Overlapped N-1 Chatting Client\Overlapped N-1 Chatting Client.vcxproj", "{7561CFEB-8AAD-48E5-8119-898A884B2CEC}"
EndProject
Project("{8BC9CEB8-8B4A-11D0-8D11-00A0C91BC942}") = "Overlapped N-1 Chatting Server", "Overlapped N-1 Chatting Server\Overlapped N-1 Chatting Server.vcxproj", "{C59501BD-6F28-4B88-8CCF-ADB00888654C}"
EndProject
Project("{8BC9CEB8-8B4A-11D0-8D11-00A0C91BC942}") = "Single Thread IOCP Server", "Single Thread IOCP Server\Single Thread IOCP Server.vcxproj", "{9350D320-5914-49C5-B45A-BF3E3B2973B0}"
EndProject
Project("{8BC9CEB8-8B4A-11D0-8D11-00A0C91BC942}") = "Single Thread IOCP Client", "Single Thread IOCP Client\Single Thread IOCP Client.vcxproj", "{6E1F276E-933A-4AB3-AD4B-D0A83AC1EEF5}"
EndProject
Global
	GlobalSection(SolutionConfigurationPlatforms) = preSolution
		Debug|x64 = Debug|x64
		Debug|x86 = Debug|x86
		Release|x64 = Release|x64
		Release|x86 = Release|x86
	EndGlobalSection
	GlobalSection(ProjectConfigurationPlatforms) = postSolution
		{D184F416-B68B-4825-A016-362EF4AE5B97}.Debug|x64.ActiveCfg = Debug|x64
		{D184F416-B68B-4825-A016-362EF4AE5B97}.Debug|x64.Build.0 = Debug|x64
		{D184F416-B68B-4825-A016-362EF4AE5B97}.Debug|x86.ActiveCfg = Debug|Win32
		{D184F416-B68B-4825-A016-362EF4AE5B97}.Debug|x86.Build.0 = Debug|Win32
		{D184F416-B68B-4825-A016-362EF4AE5B97}.Release|x64.ActiveCfg = Release|x64
		{D184F416-B68B-4825-A016-362EF4AE5B97}.Release|x64.Build.0 = Release|x64
		{D184F416-B68B-4825-A016-362EF4AE5B97}.Release|x86.ActiveCfg = Release|Win32
		{D184F416-B68B-4825-A016-362EF4AE5B97}.Release|x86.Build.0 = Release|Win32
		{3404DC27-355C-43A1-B432-BFE1199CB4A4}.Debug|x64.ActiveCfg = Debug|x64
		{3404DC27-355C-43A1-B432-BFE1199CB4A4}.Debug|x64.Build.0 = Debug|x64
		{3404DC27-355C-43A1-B432-BFE1199CB4A4}.Debug|x86.ActiveCfg = Debug|Win32
		{3404DC27-355C-43A1-B432-BFE1199CB4A4}.Debug|x86.Build.0 = Debug|Win32
		{3404DC27-355C-43A1-B432-BFE1199CB4A4}.Release|x64.ActiveCfg = Release|x64
		{3404DC27-355C-43A1-B432-BFE1199CB4A4}.Release|x64.Build.0 = Release|x64
		{3404DC27-355C-43A1-B432-BFE1199CB4A4}.Release|x86.ActiveCfg = Release|Win32
		{3404DC27-355C-43A1-B432-BFE1199CB4A4}.Release|x86.Build.0 = Release|Win32
		{C87F8CAE-A81B-4481-9F62-D11B9F99162B}.Debug|x64.ActiveCfg = Debug|x64
		{C87F8CAE-A81B-4481-9F62-D11B9F99162B}.Debug|x64.Build.0 = Debug|x64
		{C87F8CAE-A81B-4481-9F62-D11B9F99162B}.Debug|x86.ActiveCfg = Debug|Win32
		{C87F8CAE-A81B-4481-9F62-D11B9F99162B}.Debug|x86.Build.0 = Debug|Win32
		{C87F8CAE-A81B-4481-9F62-D11B9F99162B}.Release|x64.ActiveCfg = Release|x64
		{C87F8CAE-A81B-4481-9F62-D11B9F99162B}.Release|x64.Build.0 = Release|x64
		{C87F8CAE-A81B-4481-9F62-D11B9F99162B}.Release|x86.ActiveCfg = Release|Win32
		{C87F8CAE-A81B-4481-9F62-D11B9F99162B}.Release|x86.Build.0 = Release|Win32
		{6F0A268F-E057-4511-98F9-94D60F76113C}.Debug|x64.ActiveCfg = Debug|x64
		{6F0A268F-E057-4511-98F9-94D60F76113C}.Debug|x64.Build.0 = Debug|x64
		{6F0A268F-E057-4511-98F9-94D60F76113C}.Debug|x86.ActiveCfg = Debug|Win32
		{6F0A268F-E057-4511-98F9-94D60F76113C}.Debug|x86.Build.0 = Debug|Win32
		{6F0A268F-E057-4511-98F9-94D60F76113C}.Release|x64.ActiveCfg = Release|x64
		{6F0A268F-E057-4511-98F9-94D60F76113C}.Release|x64.Build.0 = Release|x64
		{6F0A268F-E057-4511-98F9-94D60F76113C}.Release|x86.ActiveCfg = Release|Win32
		{6F0A268F-E057-4511-98F9-94D60F76113C}.Release|x86.Build.0 = Release|Win32
		{84E5484B-9FA1-41D0-A579-DAAE96978B16}.Debug|x64.ActiveCfg = Debug|x64
		{84E5484B-9FA1-41D0-A579-DAAE96978B16}.Debug|x64.Build.0 = Debug|x64
		{84E5484B-9FA1-41D0-A579-DAAE96978B16}.Debug|x86.ActiveCfg = Debug|Win32
		{84E5484B-9FA1-41D0-A579-DAAE96978B16}.Debug|x86.Build.0 = Debug|Win32
		{84E5484B-9FA1-41D0-A579-DAAE96978B16}.Release|x64.ActiveCfg = Release|x64
		{84E5484B-9FA1-41D0-A579-DAAE96978B16}.Release|x64.Build.0 = Release|x64
		{84E5484B-9FA1-41D0-A579-DAAE96978B16}.Release|x86.ActiveCfg = Release|Win32
		{84E5484B-9FA1-41D0-A579-DAAE96978B16}.Release|x86.Build.0 = Release|Win32
		{7561CFEB-8AAD-48E5-8119-898A884B2CEC}.Debug|x64.ActiveCfg = Debug|x64
		{7561CFEB-8AAD-48E5-8119-898A884B2CEC}.Debug|x64.Build.0 = Debug|x64
		{7561CFEB-8AAD-48E5-8119-898A884B2CEC}.Debug|x86.ActiveCfg = Debug|Win32
		{7561CFEB-8AAD-48E5-8119-898A884B2CEC}.Debug|x86.Build.0 = Debug|Win32
		{7561CFEB-8AAD-48E5-8119-898A884B2CEC}.Release|x64.ActiveCfg = Release|x64
		{7561CFEB-8AAD-48E5-8119-898A884B2CEC}.Release|x64.Build.0 = Release|x64
		{7561CFEB-8AAD-48E5-8119-898A884B2CEC}.Release|x86.ActiveCfg = Release|Win32
		{7561CFEB-8AAD-48E5-8119-898A884B2CEC}.Release|x86.Build.0 = Release|Win32
		{C59501BD-6F28-4B88-8CCF-ADB00888654C}.Debug|x64.ActiveCfg = Debug|x64
		{C59501BD-6F28-4B88-8CCF-ADB00888654C}.Debug|x64.Build.0 = Debug|x64
		{C59501BD-6F28-4B88-8CCF-ADB00888654C}.Debug|x86.ActiveCfg = Debug|Win32
		{C59501BD-6F28-4B88-8CCF-ADB00888654C}.Debug|x86.Build.0 = Debug|Win32
		{C59501BD-6F28-4B88-8CCF-ADB00888654C}.Release|x64.ActiveCfg = Release|x64
		{C59501BD-6F28-4B88-8CCF-ADB00888654C}.Release|x64.Build.0 = Release|x64
		{C59501BD-6F28-4B88-8CCF-ADB00888654C}.Release|x86.ActiveCfg = Release|Win32
		{C59501BD-6F28-4B88-8CCF-ADB00888654C}.Release|x86.Build.0 = Release|Win32
		{9350D320-5914-49C5-B45A-BF3E3B2973B0}.Debug|x64.ActiveCfg = Debug|x64
		{9350D320-5914-49C5-B45A-BF3E3B2973B0}.Debug|x64.Build.0 = Debug|x64
		{9350D320-5914-49C5-B45A-BF3E3B2973B0}.Debug|x86.ActiveCfg = Debug|Win32
		{9350D320-5914-49C5-B45A-BF3E3B2973B0}.Debug|x86.Build.0 = Debug|Win32
		{9350D320-5914-49C5-B45A-BF3E3B2973B0}.Release|x64.ActiveCfg = Release|x64
		{9350D320-5914-49C5-B45A-BF3E3B2973B0}.Release|x64.Build.0 = Release|x64
		{9350D320-5914-49C5-B45A-BF3E3B2973B0}.Release|x86.ActiveCfg = Release|Win32
		{9350D320-5914-49C5-B45A-BF3E3B2973B0}.Release|x86.Build.0 = Release|Win32
		{6E1F276E-933A-4AB3-AD4B-D0A83AC1EEF5}.Debug|x64.ActiveCfg = Debug|x64
		{6E1F276E-933A-4AB3-AD4B-D0A83AC1EEF5}.Debug|x64.Build.0 = Debug|x64
		{6E1F276E-933A-4AB3-AD4B-D0A83AC1EEF5}.Debug|x86.ActiveCfg = Debug|Win32
		{6E1F276E-933A-4AB3-AD4B-D0A83AC1EEF5}.Debug|x86.Build.0 = Debug|Win32
		{6E1F276E-933A-4AB3-AD4B-D0A83AC1EEF5}.Release|x64.ActiveCfg = Release|x64
		{6E1F276E-933A-4AB3-AD4B-D0A83AC1EEF5}.Release|x64.Build.0 = Release|x64
		{6E1F276E-933A-4AB3-AD4B-D0A83AC1EEF5}.Release|x86.ActiveCfg = Release|Win32
		{6E1F276E-933A-4AB3-AD4B-D0A83AC1EEF5}.Release|x86.Build.0 = Release|Win32
	EndGlobalSection
	GlobalSection(SolutionProperties) = preSolution
		HideSolutionNode = FALSE
	EndGlobalSection
	GlobalSection(ExtensibilityGlobals) = postSolution
		SolutionGuid = {6CB4BA0B-A1C4-48FD-AEC0-FE26ADB9D947}
	EndGlobalSection
EndGlobal
