<?xml version="1.0" encoding="utf-8"?>
<Project ToolsVersion="4.0" xmlns="http://schemas.microsoft.com/developer/msbuild/2003">
  <ItemGroup>
    <Filter Include="소스 파일">
      <UniqueIdentifier>{4FC737F1-C7A5-4376-A066-2A32D752A2FF}</UniqueIdentifier>
      <Extensions>cpp;c;cc;cxx;c++;cppm;ixx;def;odl;idl;hpj;bat;asm;asmx</Extensions>
    </Filter>
    <Filter Include="헤더 파일">
      <UniqueIdentifier>{93995380-89BD-4b04-88EB-625FBE52EBFB}</UniqueIdentifier>
      <Extensions>h;hh;hpp;hxx;h++;hm;inl;inc;ipp;xsd</Extensions>
    </Filter>
    <Filter Include="리소스 파일">
      <UniqueIdentifier>{67DA6AB6-F800-4c08-8B7A-83BB121AAD01}</UniqueIdentifier>
      <Extensions>rc;ico;cur;bmp;dlg;rc2;rct;bin;rgs;gif;jpg;jpeg;jpe;resx;tiff;tif;png;wav;mfcribbon-ms</Extensions>
    </Filter>
    <Filter Include="소스 파일\Framework">
      <UniqueIdentifier>{b4e33fb0-81e9-4503-b0cd-06a47c3c3147}</UniqueIdentifier>
    </Filter>
    <Filter Include="소스 파일\Object">
      <UniqueIdentifier>{2fcd7818-24dd-4e82-a0f3-7f0d2b7a4ae2}</UniqueIdentifier>
    </Filter>
    <Filter Include="소스 파일\Scene">
      <UniqueIdentifier>{338bc70d-4f0a-47da-81f8-6a59f69e5b39}</UniqueIdentifier>
    </Filter>
    <Filter Include="소스 파일\Singleton">
      <UniqueIdentifier>{2fb07bce-7b4e-4ebf-b755-d35f21e88dad}</UniqueIdentifier>
    </Filter>
    <Filter Include="헤더 파일\Framework">
      <UniqueIdentifier>{a380618b-66a8-4f5f-a6c5-b6ea0aae2e21}</UniqueIdentifier>
    </Filter>
    <Filter Include="헤더 파일\Object">
      <UniqueIdentifier>{7335c849-019a-4a98-9543-d90f27d9a592}</UniqueIdentifier>
    </Filter>
    <Filter Include="헤더 파일\Scene">
      <UniqueIdentifier>{f051f8de-5df0-4779-9f40-8fa2c4a86ab0}</UniqueIdentifier>
    </Filter>
    <Filter Include="헤더 파일\Singleton">
      <UniqueIdentifier>{07c71bb8-100d-451c-a820-d3747a6230eb}</UniqueIdentifier>
    </Filter>
  </ItemGroup>
  <ItemGroup>
    <ClCompile Include="singleton.cpp">
      <Filter>소스 파일\Singleton</Filter>
    </ClCompile>
    <ClCompile Include="timer.cpp">
      <Filter>소스 파일\Singleton</Filter>
    </ClCompile>
    <ClCompile Include="scene.cpp">
      <Filter>소스 파일\Scene</Filter>
    </ClCompile>
    <ClCompile Include="piece.cpp">
      <Filter>소스 파일\Object</Filter>
    </ClCompile>
    <ClCompile Include="object.cpp">
      <Filter>소스 파일\Object</Filter>
    </ClCompile>
    <ClCompile Include="stdafx.cpp">
      <Filter>소스 파일\Framework</Filter>
    </ClCompile>
    <ClCompile Include="main.cpp">
      <Filter>소스 파일\Framework</Filter>
    </ClCompile>
    <ClCompile Include="framework.cpp">
      <Filter>소스 파일\Framework</Filter>
    </ClCompile>
    <ClCompile Include="mainScene.cpp">
      <Filter>소스 파일\Scene</Filter>
    </ClCompile>
    <ClCompile Include="loginScene.cpp">
      <Filter>소스 파일\Scene</Filter>
    </ClCompile>
  </ItemGroup>
  <ItemGroup>
    <ClInclude Include="singleton.h">
      <Filter>헤더 파일\Singleton</Filter>
    </ClInclude>
    <ClInclude Include="stdafx.h">
      <Filter>헤더 파일\Framework</Filter>
    </ClInclude>
    <ClInclude Include="framework.h">
      <Filter>헤더 파일\Framework</Filter>
    </ClInclude>
    <ClInclude Include="mainScene.h">
      <Filter>헤더 파일\Scene</Filter>
    </ClInclude>
    <ClInclude Include="scene.h">
      <Filter>헤더 파일\Scene</Filter>
    </ClInclude>
    <ClInclude Include="object.h">
      <Filter>헤더 파일\Object</Filter>
    </ClInclude>
    <ClInclude Include="piece.h">
      <Filter>헤더 파일\Object</Filter>
    </ClInclude>
    <ClInclude Include="timer.h">
      <Filter>헤더 파일\Singleton</Filter>
    </ClInclude>
    <ClInclude Include="main.h">
      <Filter>헤더 파일\Framework</Filter>
    </ClInclude>
    <ClInclude Include="loginScene.h">
      <Filter>헤더 파일\Scene</Filter>
    </ClInclude>
  </ItemGroup>
  <ItemGroup>
    <None Include="packages.config" />
  </ItemGroup>
</Project>